
Microsoft Visual Studio Solution File, Format Version 12.00
# Visual Studio Version 17
VisualStudioVersion = 17.0.32014.148
MinimumVisualStudioVersion = 10.0.40219.1
Project("{FAE04EC0-301F-11D3-BF4B-00C04F79EFBC}") = "ObjectLifeTime", "ObjectLifeTime\ObjectLifeTime.csproj", "{84154B43-24A4-497D-B56C-D25878A55AD8}"
EndProject
Global
	GlobalSection(SolutionConfigurationPlatforms) = preSolution
		Debug|Any CPU = Debug|Any CPU
		Release|Any CPU = Release|Any CPU
	EndGlobalSection
	GlobalSection(ProjectConfigurationPlatforms) = postSolution
		{84154B43-24A4-497D-B56C-D25878A55AD8}.Debug|Any CPU.ActiveCfg = Debug|Any CPU
		{84154B43-24A4-497D-B56C-D25878A55AD8}.Debug|Any CPU.Build.0 = Debug|Any CPU
		{84154B43-24A4-497D-B56C-D25878A55AD8}.Release|Any CPU.ActiveCfg = Release|Any CPU
		{84154B43-24A4-497D-B56C-D25878A55AD8}.Release|Any CPU.Build.0 = Release|Any CPU
	EndGlobalSection
	GlobalSection(SolutionProperties) = preSolution
		HideSolutionNode = FALSE
	EndGlobalSection
	GlobalSection(ExtensibilityGlobals) = postSolution
		SolutionGuid = {02ED8F64-498E-44BA-A956-CD83D50BAB9F}
	EndGlobalSection
EndGlobal
